    cmd: python src/data/del_dt.py
    deps:
    - path: data/raw/raw.csv
      hash: md5
      md5: 617b56af2992376d5c3e91ad80823898
      size: 333757
    - path: src/data/del_dt.py
      hash: md5
      md5: 6a0f73c558a98815d892fa9c35e018b3
      size: 239
    outs:
    - path: data/processed/raw_cleaned.csv
      hash: md5
      md5: d0fd98a2cb6e70699c20c0997cb25d5b
      size: 294371
  split:
    cmd: python src/data/split_data.py
    deps:
    - path: data/processed/raw_cleaned.csv
      hash: md5
      md5: d0fd98a2cb6e70699c20c0997cb25d5b
      size: 294371
    - path: src/data/split_data.py
      hash: md5
      md5: 2de2db4a2c0797c738150096ebdeb22c
      size: 519
    outs:
    - path: data/split/X_test.csv
      hash: md5
      md5: 70060d3ab969c85d57b92d62907363d9
      size: 52617
    - path: data/split/X_train.csv
      hash: md5
      md5: 67440abcc55e06fbd232acf5aa7a9669
      size: 209403
    - path: data/split/y_test.csv
      hash: md5
      md5: 70968fa4615f00f21dcc604a25be2da3
      size: 6452
    - path: data/split/y_train.csv
      hash: md5
      md5: 5f8aa77e7118c62359074ed355041f85
      size: 25946
  normalize:
    cmd: python data/normalize_data.py
    deps:
    - path: data/normalize_data.py
      hash: md5
      md5: 0e092b44f45d31f49ef645b5394eb317
      size: 557
    - path: data/raw
      hash: md5
      md5: 5b4249a052a3606e672bfb87a782b585.dir
      size: 628128
      nfiles: 2
    outs:
    - path: data/normalized
      hash: md5
      md5: 8722aa5c515eba7c6fa28f390621b13d.dir
      size: 284523
      nfiles: 2

