    cmd: python src/data/del_dt.py
    deps:
    - path: data/raw/raw.csv
      hash: md5
      md5: 617b56af2992376d5c3e91ad80823898
      size: 333757
    - path: src/data/del_dt.py
      hash: md5
      md5: 6a0f73c558a98815d892fa9c35e018b3
      size: 239
    outs:
    - path: data/processed/raw_cleaned.csv
      hash: md5
      md5: d0fd98a2cb6e70699c20c0997cb25d5b
      size: 294371
  split:
    cmd: python src/data/split_data.py
    deps:
    - path: data/processed/raw_cleaned.csv
      hash: md5
      md5: d0fd98a2cb6e70699c20c0997cb25d5b
      size: 294371
    - path: src/data/split_data.py
      hash: md5
      md5: 2de2db4a2c0797c738150096ebdeb22c
      size: 519
    outs:
    - path: data/split/X_test.csv
      hash: md5
      md5: 70060d3ab969c85d57b92d62907363d9
      size: 52617
    - path: data/split/X_train.csv
      hash: md5
      md5: 67440abcc55e06fbd232acf5aa7a9669
      size: 209403
    - path: data/split/y_test.csv
      hash: md5
      md5: 70968fa4615f00f21dcc604a25be2da3
      size: 6452
    - path: data/split/y_train.csv
      hash: md5
      md5: 5f8aa77e7118c62359074ed355041f85
      size: 25946
  normalize:
    cmd: python src/features/normalize_data.py
    deps:
    - path: data/split/X_test.csv
      hash: md5
      md5: 70060d3ab969c85d57b92d62907363d9
      size: 52617
    - path: data/split/X_train.csv
      hash: md5
      md5: 67440abcc55e06fbd232acf5aa7a9669
      size: 209403
    - path: src/features/normalize_data.py
      hash: md5
      md5: afc624b388a59f81f961e86757a3bdf1
      size: 511
    outs:
    - path: data/normalized/X_test_scaled.csv
      hash: md5
      md5: 5e079189af6bd091d651a89fafb1c290
      size: 57026
    - path: data/normalized/X_train_scaled.csv
      hash: md5
<<<<<<< HEAD
      md5: 8722aa5c515eba7c6fa28f390621b13d.dir
      size: 284523
      nfiles: 2

=======
      md5: c1b80eb7f083888b625dd0369cf381f8
      size: 227497
<<<<<<< HEAD
>>>>>>> Add normalize stage
=======
  gridsearch:
    cmd: python src/models/grid_search_model.py
    deps:
    - path: data/normalized/X_train_scaled.csv
      hash: md5
      md5: c1b80eb7f083888b625dd0369cf381f8
      size: 227497
    - path: data/split/y_train.csv
      hash: md5
      md5: 5f8aa77e7118c62359074ed355041f85
      size: 25946
    - path: params.yaml
      hash: md5
      md5: f42b1ffb3e77e88acc6c6087430600b0
      size: 93
    - path: src/models/grid_search_model.py
      hash: md5
      md5: 4774d435bbff069728c8907cade7af6c
      size: 789
    outs:
    - path: models/best_params.pkl
      hash: md5
      md5: befb70a6ea13ae09803dfd824e91f32f
      size: 69
<<<<<<< HEAD
>>>>>>> Add gridsearch stage
=======
  training:
    cmd: python src/models/train_model.py
    deps:
    - path: data/normalized/X_train_scaled.csv
      hash: md5
      md5: c1b80eb7f083888b625dd0369cf381f8
      size: 227497
    - path: data/split/y_train.csv
      hash: md5
      md5: 5f8aa77e7118c62359074ed355041f85
      size: 25946
    - path: models/best_params.pkl
      hash: md5
      md5: befb70a6ea13ae09803dfd824e91f32f
      size: 69
    - path: src/models/train_model.py
      hash: md5
      md5: 8acfd0bd652072376a622f57cf1028a4
      size: 410
    outs:
    - path: models/trained_model.pkl
      hash: md5
      md5: eb9cbb969989078672c280417dd6de47
      size: 7767265
>>>>>>> Add training stage
