    cmd: python src/data/del_dt.py
    deps:
    - path: data/raw/raw.csv
      hash: md5
      md5: 617b56af2992376d5c3e91ad80823898
      size: 333757
    - path: src/data/del_dt.py
      hash: md5
      md5: 6a0f73c558a98815d892fa9c35e018b3
      size: 239
    outs:
    - path: data/processed/raw_cleaned.csv
      hash: md5
      md5: d0fd98a2cb6e70699c20c0997cb25d5b
      size: 294371
  split:
    cmd: python src/data/split_data.py
    deps:
    - path: data/raw
      hash: md5
      md5: 5b4249a052a3606e672bfb87a782b585.dir
      size: 628128
      nfiles: 2
    - path: data/split_data.py
      hash: md5
      md5: a3be3173ada85d13db5d69c868068603
      size: 513
    outs:
    - path: data/split
      hash: md5
      md5: ff7e96a1686b5092bcfa1c128a5940a8.dir
      size: 294418
      nfiles: 4
  normalize:
    cmd: python data/normalize_data.py
    deps:
    - path: data/normalize_data.py
      hash: md5
      md5: 0e092b44f45d31f49ef645b5394eb317
      size: 557
    - path: data/raw
      hash: md5
      md5: 5b4249a052a3606e672bfb87a782b585.dir
      size: 628128
      nfiles: 2
    outs:
    - path: data/normalized
      hash: md5
      md5: 8722aa5c515eba7c6fa28f390621b13d.dir
      size: 284523
      nfiles: 2

